
Microsoft Visual Studio Solution File, Format Version 12.00
# Visual Studio Version 17
VisualStudioVersion = 17.10.35122.118
MinimumVisualStudioVersion = 10.0.40219.1
Project("{FAE04EC0-301F-11D3-BF4B-00C04F79EFBC}") = "UserManagementProject5", "UserManagementProject5\UserManagementProject5.csproj", "{CA08C234-1226-4CDE-B610-F70B51BFE122}"
EndProject
Global
	GlobalSection(SolutionConfigurationPlatforms) = preSolution
		Debug|Any CPU = Debug|Any CPU
		Release|Any CPU = Release|Any CPU
	EndGlobalSection
	GlobalSection(ProjectConfigurationPlatforms) = postSolution
		{CA08C234-1226-4CDE-B610-F70B51BFE122}.Debug|Any CPU.ActiveCfg = Debug|Any CPU
		{CA08C234-1226-4CDE-B610-F70B51BFE122}.Debug|Any CPU.Build.0 = Debug|Any CPU
		{CA08C234-1226-4CDE-B610-F70B51BFE122}.Release|Any CPU.ActiveCfg = Release|Any CPU
		{CA08C234-1226-4CDE-B610-F70B51BFE122}.Release|Any CPU.Build.0 = Release|Any CPU
	EndGlobalSection
	GlobalSection(SolutionProperties) = preSolution
		HideSolutionNode = FALSE
	EndGlobalSection
	GlobalSection(ExtensibilityGlobals) = postSolution
		SolutionGuid = {0B077806-A659-4208-AC87-3A4668309D9C}
	EndGlobalSection
EndGlobal
